{
    "name": "circleci-demo-go",
    "version": "1.0.0",
    "lockfileVersion": 3,
    "requires": true,
    "packages": {
        "": {
            "name": "circleci-demo-go",
            "version": "1.0.0",
            "license": "ISC",
            "dependencies": {
                "@circleci/circleci-config-sdk": "file:../../../.."
            }
        },
        "../../../..": {},
        "node_modules/@circleci/circleci-config-sdk": {
            "resolved": "../../../..",
            "link": true
        }
    }
}
